
Microsoft Visual Studio Solution File, Format Version 12.00
# Visual Studio Version 17
VisualStudioVersion = 17.0.31903.59
MinimumVisualStudioVersion = 10.0.40219.1
Project("{2150E333-8FDC-42A3-9474-1A3956D46DE8}") = "exercises", "exercises", "{C95C1A79-9188-4A88-9832-3CDC03F761DD}"
EndProject
Project("{FAE04EC0-301F-11D3-BF4B-00C04F79EFBC}") = "Katas", "exercises\Katas\Katas.csproj", "{03559251-581A-4D9A-ADA0-D410E7E80CE6}"
EndProject
Project("{2150E333-8FDC-42A3-9474-1A3956D46DE8}") = "tests", "tests", "{36D75ACD-AB6A-42D9-96D9-1742B36173B7}"
EndProject
Project("{FAE04EC0-301F-11D3-BF4B-00C04F79EFBC}") = "KataTests", "tests\KataTests\KataTests.csproj", "{CA1C01E8-2C3E-4598-B09F-4F7A21E543C9}"
EndProject
Global
	GlobalSection(SolutionConfigurationPlatforms) = preSolution
		Debug|Any CPU = Debug|Any CPU
		Release|Any CPU = Release|Any CPU
	EndGlobalSection
	GlobalSection(SolutionProperties) = preSolution
		HideSolutionNode = FALSE
	EndGlobalSection
	GlobalSection(ProjectConfigurationPlatforms) = postSolution
		{03559251-581A-4D9A-ADA0-D410E7E80CE6}.Debug|Any CPU.ActiveCfg = Debug|Any CPU
		{03559251-581A-4D9A-ADA0-D410E7E80CE6}.Debug|Any CPU.Build.0 = Debug|Any CPU
		{03559251-581A-4D9A-ADA0-D410E7E80CE6}.Release|Any CPU.ActiveCfg = Release|Any CPU
		{03559251-581A-4D9A-ADA0-D410E7E80CE6}.Release|Any CPU.Build.0 = Release|Any CPU
		{CA1C01E8-2C3E-4598-B09F-4F7A21E543C9}.Debug|Any CPU.ActiveCfg = Debug|Any CPU
		{CA1C01E8-2C3E-4598-B09F-4F7A21E543C9}.Debug|Any CPU.Build.0 = Debug|Any CPU
		{CA1C01E8-2C3E-4598-B09F-4F7A21E543C9}.Release|Any CPU.ActiveCfg = Release|Any CPU
		{CA1C01E8-2C3E-4598-B09F-4F7A21E543C9}.Release|Any CPU.Build.0 = Release|Any CPU
	EndGlobalSection
	GlobalSection(NestedProjects) = preSolution
		{03559251-581A-4D9A-ADA0-D410E7E80CE6} = {C95C1A79-9188-4A88-9832-3CDC03F761DD}
		{CA1C01E8-2C3E-4598-B09F-4F7A21E543C9} = {36D75ACD-AB6A-42D9-96D9-1742B36173B7}
	EndGlobalSection
EndGlobal
